
Microsoft Visual Studio Solution File, Format Version 12.00
# Visual Studio Version 17
VisualStudioVersion = 17.4.33213.308
MinimumVisualStudioVersion = 10.0.40219.1
Project("{FAE04EC0-301F-11D3-BF4B-00C04F79EFBC}") = "DynamicChartAPI", "DynamicChartAPI\DynamicChartAPI.csproj", "{D18D68DC-359F-483F-B83F-D94FD678C8CC}"
EndProject
Global
	GlobalSection(SolutionConfigurationPlatforms) = preSolution
		Debug|Any CPU = Debug|Any CPU
		Release|Any CPU = Release|Any CPU
	EndGlobalSection
	GlobalSection(ProjectConfigurationPlatforms) = postSolution
		{D18D68DC-359F-483F-B83F-D94FD678C8CC}.Debug|Any CPU.ActiveCfg = Debug|Any CPU
		{D18D68DC-359F-483F-B83F-D94FD678C8CC}.Debug|Any CPU.Build.0 = Debug|Any CPU
		{D18D68DC-359F-483F-B83F-D94FD678C8CC}.Release|Any CPU.ActiveCfg = Release|Any CPU
		{D18D68DC-359F-483F-B83F-D94FD678C8CC}.Release|Any CPU.Build.0 = Release|Any CPU
	EndGlobalSection
	GlobalSection(SolutionProperties) = preSolution
		HideSolutionNode = FALSE
	EndGlobalSection
	GlobalSection(ExtensibilityGlobals) = postSolution
		SolutionGuid = {CF5C34E9-AB63-46D3-88B3-F719A4633B00}
	EndGlobalSection
EndGlobal
